{
  "originHash" : "d3b5593d651b1e51c0563f9f190a1a036a04b2dc31350947ab7719ad722a2ba6",
  "pins" : [
    {
      "identity" : "swift-syntax",
      "kind" : "remoteSourceControl",
      "location" : "https://github.com/apple/swift-syntax",
      "state" : {
        "revision" : "2bc86522d115234d1f588efe2bcb4ce4be8f8b82",
        "version" : "510.0.3"
      }
    }
  ],
  "version" : 3
}
