{
  "originHash" : "58873f69e1e87a89f504acdb190c56efabaf5bd49172f3f6dd06e8163d3a19f0",
  "pins" : [
    {
      "identity" : "swift-syntax",
      "kind" : "remoteSourceControl",
      "location" : "https://github.com/apple/swift-syntax",
      "state" : {
        "revision" : "2bc86522d115234d1f588efe2bcb4ce4be8f8b82",
        "version" : "510.0.3"
      }
    }
  ],
  "version" : 3
}
